{
  "nodes": {
    "agent-skills-context-eng": {
      "flake": false,
      "locked": {
        "lastModified": 1770012830,
        "narHash": "sha256-UAjD3JIP37NA4ewjyzHzN5npHPd2+NW4vTkLAGUyf+4=",
        "owner": "muratcankoylan",
        "repo": "Agent-Skills-for-Context-Engineering",
        "rev": "7942df36cfcac4f224d310b6be552e99715df5de",
        "type": "github"
      },
      "original": {
        "owner": "muratcankoylan",
        "repo": "Agent-Skills-for-Context-Engineering",
        "type": "github"
      }
    },
    "blueprint": {
      "inputs": {
        "nixpkgs": "nixpkgs_3",
        "systems": "systems"
      },
      "locked": {
        "lastModified": 1769353768,
        "narHash": "sha256-zI+7cbMI4wMIR57jMjDSEsVb3grapTnURDxxJPYFIW0=",
        "owner": "numtide",
        "repo": "blueprint",
        "rev": "c7da5c70ad1c9b60b6f5d4f674fbe205d48d8f6c",
        "type": "github"
      },
      "original": {
        "owner": "numtide",
        "repo": "blueprint",
        "type": "github"
      }
    },
    "blueprint_2": {
      "inputs": {
        "nixpkgs": [
          "rigup",
          "llm-agents",
          "nixpkgs"
        ],
        "systems": "systems_2"
      },
      "locked": {
        "lastModified": 1769353768,
        "narHash": "sha256-zI+7cbMI4wMIR57jMjDSEsVb3grapTnURDxxJPYFIW0=",
        "owner": "numtide",
        "repo": "blueprint",
        "rev": "c7da5c70ad1c9b60b6f5d4f674fbe205d48d8f6c",
        "type": "github"
      },
      "original": {
        "owner": "numtide",
        "repo": "blueprint",
        "type": "github"
      }
    },
    "crane": {
      "locked": {
        "lastModified": 1769287525,
        "narHash": "sha256-gABuYA6BzoRMLuPaeO5p7SLrpd4qExgkwEmYaYQY4bM=",
        "owner": "ipetkov",
        "repo": "crane",
        "rev": "0314e365877a85c9e5758f9ea77a9972afbb4c21",
        "type": "github"
      },
      "original": {
        "owner": "ipetkov",
        "repo": "crane",
        "type": "github"
      }
    },
    "llm-agents": {
      "inputs": {
        "blueprint": "blueprint_2",
        "nixpkgs": "nixpkgs_4",
        "treefmt-nix": "treefmt-nix"
      },
      "locked": {
        "lastModified": 1770146949,
        "narHash": "sha256-mAvCkXKD7VYgrAfoFMIBzMO7yBu7JH+HyYQI0gVjIiA=",
        "owner": "numtide",
        "repo": "llm-agents.nix",
        "rev": "8197b8c7764a41bb67e2f28b8bb7b7bbc0429401",
        "type": "github"
      },
      "original": {
        "owner": "numtide",
        "repo": "llm-agents.nix",
        "type": "github"
      }
    },
    "nixpkgs": {
      "locked": {
        "lastModified": 1770107345,
        "narHash": "sha256-tbS0Ebx2PiA1FRW8mt8oejR0qMXmziJmPaU1d4kYY9g=",
        "owner": "NixOS",
        "repo": "nixpkgs",
        "rev": "4533d9293756b63904b7238acb84ac8fe4c8c2c4",
        "type": "github"
      },
      "original": {
        "owner": "NixOS",
        "ref": "nixpkgs-unstable",
        "repo": "nixpkgs",
        "type": "github"
      }
    },
    "nixpkgs_2": {
      "locked": {
        "lastModified": 1767151656,
        "narHash": "sha256-ujL2AoYBnJBN262HD95yer7QYUmYp5kFZGYbyCCKxq8=",
        "owner": "NixOS",
        "repo": "nixpkgs",
        "rev": "f665af0cdb70ed27e1bd8f9fdfecaf451260fc55",
        "type": "github"
      },
      "original": {
        "owner": "NixOS",
        "ref": "nixpkgs-unstable",
        "repo": "nixpkgs",
        "type": "github"
      }
    },
    "nixpkgs_3": {
      "locked": {
        "lastModified": 1741513245,
        "narHash": "sha256-7rTAMNTY1xoBwz0h7ZMtEcd8LELk9R5TzBPoHuhNSCk=",
        "owner": "nixos",
        "repo": "nixpkgs",
        "rev": "e3e32b642a31e6714ec1b712de8c91a3352ce7e1",
        "type": "github"
      },
      "original": {
        "owner": "nixos",
        "ref": "nixos-unstable",
        "repo": "nixpkgs",
        "type": "github"
      }
    },
    "nixpkgs_4": {
      "locked": {
        "lastModified": 1770107345,
        "narHash": "sha256-tbS0Ebx2PiA1FRW8mt8oejR0qMXmziJmPaU1d4kYY9g=",
        "owner": "NixOS",
        "repo": "nixpkgs",
        "rev": "4533d9293756b63904b7238acb84ac8fe4c8c2c4",
        "type": "github"
      },
      "original": {
        "owner": "NixOS",
        "ref": "nixpkgs-unstable",
        "repo": "nixpkgs",
        "type": "github"
      }
    },
    "nixpkgs_5": {
      "locked": {
        "lastModified": 1770107345,
        "narHash": "sha256-tbS0Ebx2PiA1FRW8mt8oejR0qMXmziJmPaU1d4kYY9g=",
        "owner": "NixOS",
        "repo": "nixpkgs",
        "rev": "4533d9293756b63904b7238acb84ac8fe4c8c2c4",
        "type": "github"
      },
      "original": {
        "owner": "NixOS",
        "ref": "nixpkgs-unstable",
        "repo": "nixpkgs",
        "type": "github"
      }
    },
    "nu-batteries-src": {
      "flake": false,
      "locked": {
        "lastModified": 1760054757,
        "narHash": "sha256-pFKGR1QDKuLc8F53H5hQjP/+NeYPJpIu/MGCSjS3iLk=",
        "owner": "nome",
        "repo": "nu-batteries",
        "rev": "187797585d9f4dd6a2b696d0572eb2b2f2aacd23",
        "type": "github"
      },
      "original": {
        "owner": "nome",
        "repo": "nu-batteries",
        "type": "github"
      }
    },
    "nushell-src": {
      "flake": false,
      "locked": {
        "lastModified": 1764692655,
        "narHash": "sha256-XNDEfmvmUNS90PU4e/EWFyJeg428R8nFPJHpF3tgRWo=",
        "owner": "nushell",
        "repo": "nushell",
        "rev": "cde5f7be8c813173e95ea65f96e79a133f587de7",
        "type": "github"
      },
      "original": {
        "owner": "nushell",
        "ref": "0.109.1",
        "repo": "nushell",
        "type": "github"
      }
    },
    "nushellWith": {
      "inputs": {
        "crane": "crane",
        "nixpkgs": "nixpkgs_2",
        "nu-batteries-src": "nu-batteries-src",
        "nushell-src": "nushell-src"
      },
      "locked": {
        "lastModified": 1769330426,
        "narHash": "sha256-oLbFc+QNvLNAWAbCo+iQxJT3ZnhHRnuZnHkWKKZZ1AI=",
        "owner": "YPares",
        "repo": "nushellWith",
        "rev": "cfab123070bece2bbaec7d494cd3935b43b9f10d",
        "type": "github"
      },
      "original": {
        "owner": "YPares",
        "repo": "nushellWith",
        "type": "github"
      }
    },
    "rigup": {
      "inputs": {
        "blueprint": "blueprint",
        "llm-agents": "llm-agents",
        "nixpkgs": "nixpkgs_5"
      },
      "locked": {
        "lastModified": 1770156281,
        "narHash": "sha256-zHJi+cSG15lgkqORJWtfRCi8pBjjAPzn0vpN62I6N4s=",
        "owner": "YPares",
        "repo": "rigup.nix",
        "rev": "a13f2a8938d560828fc1a062a7018c074387a8f0",
        "type": "github"
      },
      "original": {
        "owner": "YPares",
        "repo": "rigup.nix",
        "type": "github"
      }
    },
    "root": {
      "inputs": {
        "agent-skills-context-eng": "agent-skills-context-eng",
        "nixpkgs": "nixpkgs",
        "nushellWith": "nushellWith",
        "rigup": "rigup"
      }
    },
    "systems": {
      "locked": {
        "lastModified": 1681028828,
        "narHash": "sha256-Vy1rq5AaRuLzOxct8nz4T6wlgyUR7zLU309k9mBC768=",
        "owner": "nix-systems",
        "repo": "default",
        "rev": "da67096a3b9bf56a91d16901293e51ba5b49a27e",
        "type": "github"
      },
      "original": {
        "owner": "nix-systems",
        "repo": "default",
        "type": "github"
      }
    },
    "systems_2": {
      "locked": {
        "lastModified": 1681028828,
        "narHash": "sha256-Vy1rq5AaRuLzOxct8nz4T6wlgyUR7zLU309k9mBC768=",
        "owner": "nix-systems",
        "repo": "default",
        "rev": "da67096a3b9bf56a91d16901293e51ba5b49a27e",
        "type": "github"
      },
      "original": {
        "owner": "nix-systems",
        "repo": "default",
        "type": "github"
      }
    },
    "treefmt-nix": {
      "inputs": {
        "nixpkgs": [
          "rigup",
          "llm-agents",
          "nixpkgs"
        ]
      },
      "locked": {
        "lastModified": 1769691507,
        "narHash": "sha256-8aAYwyVzSSwIhP2glDhw/G0i5+wOrren3v6WmxkVonM=",
        "owner": "numtide",
        "repo": "treefmt-nix",
        "rev": "28b19c5844cc6e2257801d43f2772a4b4c050a1b",
        "type": "github"
      },
      "original": {
        "owner": "numtide",
        "repo": "treefmt-nix",
        "type": "github"
      }
    }
  },
  "root": "root",
  "version": 7
}
